
Microsoft Visual Studio Solution File, Format Version 12.00
# Visual Studio Version 17
VisualStudioVersion = 17.4.33122.133
MinimumVisualStudioVersion = 10.0.40219.1
Project("{FAE04EC0-301F-11D3-BF4B-00C04F79EFBC}") = "P2PConnect", "P2PConnect\P2PConnect.csproj", "{DEC00364-B29E-4F38-A9A1-6DD0C6DC99D8}"
EndProject
Global
	GlobalSection(SolutionConfigurationPlatforms) = preSolution
		Debug|Any CPU = Debug|Any CPU
		Release|Any CPU = Release|Any CPU
	EndGlobalSection
	GlobalSection(ProjectConfigurationPlatforms) = postSolution
		{DEC00364-B29E-4F38-A9A1-6DD0C6DC99D8}.Debug|Any CPU.ActiveCfg = Debug|Any CPU
		{DEC00364-B29E-4F38-A9A1-6DD0C6DC99D8}.Debug|Any CPU.Build.0 = Debug|Any CPU
		{DEC00364-B29E-4F38-A9A1-6DD0C6DC99D8}.Release|Any CPU.ActiveCfg = Release|Any CPU
		{DEC00364-B29E-4F38-A9A1-6DD0C6DC99D8}.Release|Any CPU.Build.0 = Release|Any CPU
	EndGlobalSection
	GlobalSection(SolutionProperties) = preSolution
		HideSolutionNode = FALSE
	EndGlobalSection
	GlobalSection(ExtensibilityGlobals) = postSolution
		SolutionGuid = {A22FC158-32D9-4A7F-BB67-82335AA4F2CA}
	EndGlobalSection
EndGlobal
